
Microsoft Visual Studio Solution File, Format Version 12.00
Project("{FAE04EC0-301F-11D3-BF4B-00C04F79EFBC}") = "generative", "generative\generative.csproj", "{6EDB07A0-5378-40B4-8532-3D46EA6AFA25}"
EndProject
Project("{FAE04EC0-301F-11D3-BF4B-00C04F79EFBC}") = "AlphaOne", "AlphaOne\AlphaOne.csproj", "{61DB2996-8352-4B41-B636-5BC4241DED1C}"
EndProject
Global
	GlobalSection(SolutionConfigurationPlatforms) = preSolution
		Debug|Any CPU = Debug|Any CPU
		Release|Any CPU = Release|Any CPU
	EndGlobalSection
	GlobalSection(ProjectConfigurationPlatforms) = postSolution
		{6EDB07A0-5378-40B4-8532-3D46EA6AFA25}.Debug|Any CPU.ActiveCfg = Debug|Any CPU
		{6EDB07A0-5378-40B4-8532-3D46EA6AFA25}.Debug|Any CPU.Build.0 = Debug|Any CPU
		{6EDB07A0-5378-40B4-8532-3D46EA6AFA25}.Release|Any CPU.ActiveCfg = Release|Any CPU
		{6EDB07A0-5378-40B4-8532-3D46EA6AFA25}.Release|Any CPU.Build.0 = Release|Any CPU
		{61DB2996-8352-4B41-B636-5BC4241DED1C}.Debug|Any CPU.ActiveCfg = Debug|Any CPU
		{61DB2996-8352-4B41-B636-5BC4241DED1C}.Debug|Any CPU.Build.0 = Debug|Any CPU
		{61DB2996-8352-4B41-B636-5BC4241DED1C}.Release|Any CPU.ActiveCfg = Release|Any CPU
		{61DB2996-8352-4B41-B636-5BC4241DED1C}.Release|Any CPU.Build.0 = Release|Any CPU
	EndGlobalSection
EndGlobal
